<?xml version="1.0" encoding="utf-8"?>
<Project ToolsVersion="4.0" xmlns="http://schemas.microsoft.com/developer/msbuild/2003">
  <ItemGroup>
    <Filter Include="소스 파일">
      <UniqueIdentifier>{4FC737F1-C7A5-4376-A066-2A32D752A2FF}</UniqueIdentifier>
      <Extensions>cpp;c;cc;cxx;c++;cppm;ixx;def;odl;idl;hpj;bat;asm;asmx</Extensions>
    </Filter>
    <Filter Include="헤더 파일">
      <UniqueIdentifier>{93995380-89BD-4b04-88EB-625FBE52EBFB}</UniqueIdentifier>
      <Extensions>h;hh;hpp;hxx;h++;hm;inl;inc;ipp;xsd</Extensions>
    </Filter>
    <Filter Include="리소스 파일">
      <UniqueIdentifier>{67DA6AB6-F800-4c08-8B7A-83BB121AAD01}</UniqueIdentifier>
      <Extensions>rc;ico;cur;bmp;dlg;rc2;rct;bin;rgs;gif;jpg;jpeg;jpe;resx;tiff;tif;png;wav;mfcribbon-ms</Extensions>
    </Filter>
  </ItemGroup>
  <ItemGroup>
    <ClCompile Include="1003.cpp">
      <Filter>소스 파일</Filter>
    </ClCompile>
    <ClCompile Include="1008.cpp">
      <Filter>소스 파일</Filter>
    </ClCompile>
    <ClCompile Include="1009.cpp">
      <Filter>소스 파일</Filter>
    </ClCompile>
    <ClCompile Include="1009-2.cpp">
      <Filter>소스 파일</Filter>
    </ClCompile>
    <ClCompile Include="1051.cpp">
      <Filter>소스 파일</Filter>
    </ClCompile>
    <ClCompile Include="1051-2.cpp">
      <Filter>소스 파일</Filter>
    </ClCompile>
    <ClCompile Include="1074-incompletion.cpp">
      <Filter>소스 파일</Filter>
    </ClCompile>
    <ClCompile Include="1076.cpp">
      <Filter>소스 파일</Filter>
    </ClCompile>
    <ClCompile Include="1085.cpp">
      <Filter>소스 파일</Filter>
    </ClCompile>
    <ClCompile Include="1110.cpp">
      <Filter>소스 파일</Filter>
    </ClCompile>
    <ClCompile Include="1149.cpp">
      <Filter>소스 파일</Filter>
    </ClCompile>
    <ClCompile Include="1152.cpp">
      <Filter>소스 파일</Filter>
    </ClCompile>
    <ClCompile Include="1159.cpp">
      <Filter>소스 파일</Filter>
    </ClCompile>
    <ClCompile Include="1330.cpp">
      <Filter>소스 파일</Filter>
    </ClCompile>
    <ClCompile Include="1463-incompletion.cpp">
      <Filter>소스 파일</Filter>
    </ClCompile>
    <ClCompile Include="1475.cpp">
      <Filter>소스 파일</Filter>
    </ClCompile>
    <ClCompile Include="1476.cpp">
      <Filter>소스 파일</Filter>
    </ClCompile>
    <ClCompile Include="1557-incompletion-diamond.cpp">
      <Filter>소스 파일</Filter>
    </ClCompile>
    <ClCompile Include="1676.cpp">
      <Filter>소스 파일</Filter>
    </ClCompile>
    <ClCompile Include="1712.cpp">
      <Filter>소스 파일</Filter>
    </ClCompile>
    <ClCompile Include="1735.cpp">
      <Filter>소스 파일</Filter>
    </ClCompile>
    <ClCompile Include="1764.cpp">
      <Filter>소스 파일</Filter>
    </ClCompile>
    <ClCompile Include="1789.cpp">
      <Filter>소스 파일</Filter>
    </ClCompile>
    <ClCompile Include="1904.cpp">
      <Filter>소스 파일</Filter>
    </ClCompile>
    <ClCompile Include="1912.cpp">
      <Filter>소스 파일</Filter>
    </ClCompile>
    <ClCompile Include="1915.cpp">
      <Filter>소스 파일</Filter>
    </ClCompile>
    <ClCompile Include="1915-2.cpp">
      <Filter>소스 파일</Filter>
    </ClCompile>
    <ClCompile Include="1924.cpp">
      <Filter>소스 파일</Filter>
    </ClCompile>
    <ClCompile Include="1977.cpp">
      <Filter>소스 파일</Filter>
    </ClCompile>
    <ClCompile Include="2163.cpp">
      <Filter>소스 파일</Filter>
    </ClCompile>
    <ClCompile Include="2438.cpp">
      <Filter>소스 파일</Filter>
    </ClCompile>
    <ClCompile Include="2502.cpp">
      <Filter>소스 파일</Filter>
    </ClCompile>
    <ClCompile Include="2525.cpp">
      <Filter>소스 파일</Filter>
    </ClCompile>
    <ClCompile Include="2557.cpp">
      <Filter>소스 파일</Filter>
    </ClCompile>
    <ClCompile Include="2562.cpp">
      <Filter>소스 파일</Filter>
    </ClCompile>
    <ClCompile Include="2675.cpp">
      <Filter>소스 파일</Filter>
    </ClCompile>
    <ClCompile Include="2739.cpp">
      <Filter>소스 파일</Filter>
    </ClCompile>
    <ClCompile Include="2753.cpp">
      <Filter>소스 파일</Filter>
    </ClCompile>
    <ClCompile Include="2798.cpp">
      <Filter>소스 파일</Filter>
    </ClCompile>
    <ClCompile Include="2810.cpp">
      <Filter>소스 파일</Filter>
    </ClCompile>
    <ClCompile Include="2839.cpp">
      <Filter>소스 파일</Filter>
    </ClCompile>
    <ClCompile Include="2864.cpp">
      <Filter>소스 파일</Filter>
    </ClCompile>
    <ClCompile Include="2864-2.cpp">
      <Filter>소스 파일</Filter>
    </ClCompile>
    <ClCompile Include="2864-3.cpp">
      <Filter>소스 파일</Filter>
    </ClCompile>
    <ClCompile Include="2869.cpp">
      <Filter>소스 파일</Filter>
    </ClCompile>
    <ClCompile Include="2884.cpp">
      <Filter>소스 파일</Filter>
    </ClCompile>
    <ClCompile Include="2920.cpp">
      <Filter>소스 파일</Filter>
    </ClCompile>
    <ClCompile Include="2935.cpp">
      <Filter>소스 파일</Filter>
    </ClCompile>
    <ClCompile Include="3053.cpp">
      <Filter>소스 파일</Filter>
    </ClCompile>
    <ClCompile Include="4153.cpp">
      <Filter>소스 파일</Filter>
    </ClCompile>
    <ClCompile Include="4344.cpp">
      <Filter>소스 파일</Filter>
    </ClCompile>
    <ClCompile Include="4811.cpp">
      <Filter>소스 파일</Filter>
    </ClCompile>
    <ClCompile Include="4811-2.cpp">
      <Filter>소스 파일</Filter>
    </ClCompile>
    <ClCompile Include="4948.cpp">
      <Filter>소스 파일</Filter>
    </ClCompile>
    <ClCompile Include="4948-2.cpp">
      <Filter>소스 파일</Filter>
    </ClCompile>
    <ClCompile Include="5598.cpp">
      <Filter>소스 파일</Filter>
    </ClCompile>
    <ClCompile Include="6359.cpp">
      <Filter>소스 파일</Filter>
    </ClCompile>
    <ClCompile Include="8958.cpp">
      <Filter>소스 파일</Filter>
    </ClCompile>
    <ClCompile Include="9498.cpp">
      <Filter>소스 파일</Filter>
    </ClCompile>
    <ClCompile Include="9935-2.cpp">
      <Filter>소스 파일</Filter>
    </ClCompile>
    <ClCompile Include="9935-3.cpp">
      <Filter>소스 파일</Filter>
    </ClCompile>
    <ClCompile Include="9935-4.cpp">
      <Filter>소스 파일</Filter>
    </ClCompile>
    <ClCompile Include="9935-5.cpp">
      <Filter>소스 파일</Filter>
    </ClCompile>
    <ClCompile Include="9935-incompletion.cpp">
      <Filter>소스 파일</Filter>
    </ClCompile>
    <ClCompile Include="10818.cpp">
      <Filter>소스 파일</Filter>
    </ClCompile>
    <ClCompile Include="10844.cpp">
      <Filter>소스 파일</Filter>
    </ClCompile>
    <ClCompile Include="10869.cpp">
      <Filter>소스 파일</Filter>
    </ClCompile>
    <ClCompile Include="10871.cpp">
      <Filter>소스 파일</Filter>
    </ClCompile>
    <ClCompile Include="10886.cpp">
      <Filter>소스 파일</Filter>
    </ClCompile>
    <ClCompile Include="10950.cpp">
      <Filter>소스 파일</Filter>
    </ClCompile>
    <ClCompile Include="10951.cpp">
      <Filter>소스 파일</Filter>
    </ClCompile>
    <ClCompile Include="11047.cpp">
      <Filter>소스 파일</Filter>
    </ClCompile>
    <ClCompile Include="10952.cpp">
      <Filter>소스 파일</Filter>
    </ClCompile>
    <ClCompile Include="11654.cpp">
      <Filter>소스 파일</Filter>
    </ClCompile>
    <ClCompile Include="11720.cpp">
      <Filter>소스 파일</Filter>
    </ClCompile>
    <ClCompile Include="1259.cpp">
      <Filter>소스 파일</Filter>
    </ClCompile>
    <ClCompile Include="1920.cpp">
      <Filter>소스 파일</Filter>
    </ClCompile>
    <ClCompile Include="1978.cpp">
      <Filter>소스 파일</Filter>
    </ClCompile>
    <ClCompile Include="10250.cpp">
      <Filter>소스 파일</Filter>
    </ClCompile>
    <ClCompile Include="11050.cpp">
      <Filter>소스 파일</Filter>
    </ClCompile>
    <ClCompile Include="1620.cpp">
      <Filter>소스 파일</Filter>
    </ClCompile>
    <ClCompile Include="1012-dfs.cpp">
      <Filter>소스 파일</Filter>
    </ClCompile>
    <ClCompile Include="1018-bruteforce.cpp">
      <Filter>소스 파일</Filter>
    </ClCompile>
    <ClCompile Include="1074-recursive.cpp">
      <Filter>소스 파일</Filter>
    </ClCompile>
    <ClCompile Include="1157-map.cpp">
      <Filter>소스 파일</Filter>
    </ClCompile>
    <ClCompile Include="1181-stableSort.cpp">
      <Filter>소스 파일</Filter>
    </ClCompile>
    <ClCompile Include="1188-gcd.cpp">
      <Filter>소스 파일</Filter>
    </ClCompile>
    <ClCompile Include="1463-2-dp.cpp">
      <Filter>소스 파일</Filter>
    </ClCompile>
    <ClCompile Include="1697-bfs.cpp">
      <Filter>소스 파일</Filter>
    </ClCompile>
    <ClCompile Include="1764-2-set.cpp">
      <Filter>소스 파일</Filter>
    </ClCompile>
    <ClCompile Include="1904-2-dp.cpp">
      <Filter>소스 파일</Filter>
    </ClCompile>
    <ClCompile Include="1915-3-dp.cpp">
      <Filter>소스 파일</Filter>
    </ClCompile>
    <ClCompile Include="1920-2-sort-bs.cpp">
      <Filter>소스 파일</Filter>
    </ClCompile>
    <ClCompile Include="1927-heap.cpp">
      <Filter>소스 파일</Filter>
    </ClCompile>
    <ClCompile Include="1927-2-heap.cpp">
      <Filter>소스 파일</Filter>
    </ClCompile>
    <ClCompile Include="1931-qsort-greedy.cpp">
      <Filter>소스 파일</Filter>
    </ClCompile>
    <ClCompile Include="1932-dp.cpp">
      <Filter>소스 파일</Filter>
    </ClCompile>
    <ClCompile Include="2156-dp.cpp">
      <Filter>소스 파일</Filter>
    </ClCompile>
    <ClCompile Include="2156-2-dp.cpp">
      <Filter>소스 파일</Filter>
    </ClCompile>
    <ClCompile Include="2164-queue.cpp">
      <Filter>소스 파일</Filter>
    </ClCompile>
    <ClCompile Include="2606-dfs.cpp">
      <Filter>소스 파일</Filter>
    </ClCompile>
    <ClCompile Include="2609-gcd-lcm.cpp">
      <Filter>소스 파일</Filter>
    </ClCompile>
    <ClCompile Include="2751-set.cpp">
      <Filter>소스 파일</Filter>
    </ClCompile>
    <ClCompile Include="2851-help-dp.cpp">
      <Filter>소스 파일</Filter>
    </ClCompile>
    <ClCompile Include="4811-3-dp.cpp">
      <Filter>소스 파일</Filter>
    </ClCompile>
    <ClCompile Include="5567-graph.cpp">
      <Filter>소스 파일</Filter>
    </ClCompile>
    <ClCompile Include="8979-structSort.cpp">
      <Filter>소스 파일</Filter>
    </ClCompile>
    <ClCompile Include="9012-stack.cpp">
      <Filter>소스 파일</Filter>
    </ClCompile>
    <ClCompile Include="9084-dp-REVIEW.cpp">
      <Filter>소스 파일</Filter>
    </ClCompile>
    <ClCompile Include="9095-dp.cpp">
      <Filter>소스 파일</Filter>
    </ClCompile>
    <ClCompile Include="9465-dp.cpp">
      <Filter>소스 파일</Filter>
    </ClCompile>
    <ClCompile Include="9613-gcd.cpp">
      <Filter>소스 파일</Filter>
    </ClCompile>
    <ClCompile Include="9935-6-stack.cpp">
      <Filter>소스 파일</Filter>
    </ClCompile>
    <ClCompile Include="10814-vectorPairCompare.cpp">
      <Filter>소스 파일</Filter>
    </ClCompile>
    <ClCompile Include="10816-unorderdmap.cpp">
      <Filter>소스 파일</Filter>
    </ClCompile>
    <ClCompile Include="10844-2-dp.cpp">
      <Filter>소스 파일</Filter>
    </ClCompile>
    <ClCompile Include="10828-stack.cpp">
      <Filter>소스 파일</Filter>
    </ClCompile>
    <ClCompile Include="10845-queue.cpp">
      <Filter>소스 파일</Filter>
    </ClCompile>
    <ClCompile Include="10866-deck.cpp">
      <Filter>소스 파일</Filter>
    </ClCompile>
    <ClCompile Include="11052-dp.cpp">
      <Filter>소스 파일</Filter>
    </ClCompile>
    <ClCompile Include="11650-vectorPairCompare.cpp">
      <Filter>소스 파일</Filter>
    </ClCompile>
    <ClCompile Include="11866-queue.cpp">
      <Filter>소스 파일</Filter>
    </ClCompile>
    <ClCompile Include="sw2.cpp">
      <Filter>소스 파일</Filter>
    </ClCompile>
    <ClCompile Include="sw3.cpp">
      <Filter>소스 파일</Filter>
    </ClCompile>
    <ClCompile Include="14927-backtracking.cpp">
      <Filter>소스 파일</Filter>
    </ClCompile>
    <ClCompile Include="14939-backtracking.cpp">
      <Filter>소스 파일</Filter>
    </ClCompile>
    <ClCompile Include="2630-fail.cpp">
      <Filter>소스 파일</Filter>
    </ClCompile>
    <ClCompile Include="2630.cpp">
      <Filter>소스 파일</Filter>
    </ClCompile>
    <ClCompile Include="7576.cpp">
      <Filter>소스 파일</Filter>
    </ClCompile>
    <ClCompile Include="7662.cpp">
      <Filter>소스 파일</Filter>
    </ClCompile>
    <ClCompile Include="7662-2.cpp">
      <Filter>소스 파일</Filter>
    </ClCompile>
    <ClCompile Include="11279.cpp">
      <Filter>소스 파일</Filter>
    </ClCompile>
    <ClCompile Include="11399.cpp">
      <Filter>소스 파일</Filter>
    </ClCompile>
    <ClCompile Include="11723.cpp">
      <Filter>소스 파일</Filter>
    </ClCompile>
    <ClCompile Include="11724.cpp">
      <Filter>소스 파일</Filter>
    </ClCompile>
    <ClCompile Include="11726.cpp">
      <Filter>소스 파일</Filter>
    </ClCompile>
    <ClCompile Include="18870.cpp">
      <Filter>소스 파일</Filter>
    </ClCompile>
    <ClCompile Include="1167-graph.cpp">
      <Filter>소스 파일</Filter>
    </ClCompile>
    <ClCompile Include="1167-2.cpp">
      <Filter>소스 파일</Filter>
    </ClCompile>
    <ClCompile Include="1167-3.cpp">
      <Filter>소스 파일</Filter>
    </ClCompile>
    <ClCompile Include="1629.cpp">
      <Filter>소스 파일</Filter>
    </ClCompile>
  </ItemGroup>
  <ItemGroup>
    <None Include="..\..\README.md">
      <Filter>소스 파일</Filter>
    </None>
  </ItemGroup>
</Project>